// !$*UTF8*$!
{
	archiveVersion = 1;
	classes = {
	};
	objectVersion = 46;
	objects = {

/* Begin PBXBuildFile section */
		2BCFCE3CB061CD0EE820F688 /* Pods_BikeStations.framework in Frameworks */ = {isa = PBXBuildFile; fileRef = 965E753722311C542A436BE6 /* Pods_BikeStations.framework */; };
		504DC8F3D786267C27728B2E /* Pods_BikeStationsTests.framework in Frameworks */ = {isa = PBXBuildFile; fileRef = 0DE2A549F051120EAD9AF7EB /* Pods_BikeStationsTests.framework */; };
		BE15F8EF1DCB8C5D00272E22 /* AppDelegate.swift in Sources */ = {isa = PBXBuildFile; fileRef = BE15F8EE1DCB8C5D00272E22 /* AppDelegate.swift */; };
		BE15F8F11DCB8C5D00272E22 /* MapViewController.swift in Sources */ = {isa = PBXBuildFile; fileRef = BE15F8F01DCB8C5D00272E22 /* MapViewController.swift */; };
		BE15F8F41DCB8C5D00272E22 /* Main.storyboard in Resources */ = {isa = PBXBuildFile; fileRef = BE15F8F21DCB8C5D00272E22 /* Main.storyboard */; };
		BE15F8F71DCB8C5D00272E22 /* BikeStations.xcdatamodeld in Sources */ = {isa = PBXBuildFile; fileRef = BE15F8F51DCB8C5D00272E22 /* BikeStations.xcdatamodeld */; };
		BE15F8F91DCB8C5D00272E22 /* Assets.xcassets in Resources */ = {isa = PBXBuildFile; fileRef = BE15F8F81DCB8C5D00272E22 /* Assets.xcassets */; };
		BE15F8FC1DCB8C5D00272E22 /* LaunchScreen.storyboard in Resources */ = {isa = PBXBuildFile; fileRef = BE15F8FA1DCB8C5D00272E22 /* LaunchScreen.storyboard */; };
		BE15F9121DCB8C5D00272E22 /* BikeStationsUITests.swift in Sources */ = {isa = PBXBuildFile; fileRef = BE15F9111DCB8C5D00272E22 /* BikeStationsUITests.swift */; };
		BE15F9211DCB8C9D00272E22 /* BikeStation.swift in Sources */ = {isa = PBXBuildFile; fileRef = BE15F9201DCB8C9D00272E22 /* BikeStation.swift */; };
		BE15F9261DCB925800272E22 /* BikeStationController.swift in Sources */ = {isa = PBXBuildFile; fileRef = BE15F9251DCB925800272E22 /* BikeStationController.swift */; };
		BE15F92B1DCB97F900272E22 /* Constants.swift in Sources */ = {isa = PBXBuildFile; fileRef = BE15F92A1DCB97F900272E22 /* Constants.swift */; };
		BE15F92F1DCB9C9E00272E22 /* Error.swift in Sources */ = {isa = PBXBuildFile; fileRef = BE15F92E1DCB9C9E00272E22 /* Error.swift */; };
		BE32B9551DCBA4AE00372398 /* CalloutView.swift in Sources */ = {isa = PBXBuildFile; fileRef = BE32B9541DCBA4AE00372398 /* CalloutView.swift */; };
		BE32B9581DCBC24A00372398 /* PersistencyManager.swift in Sources */ = {isa = PBXBuildFile; fileRef = BE32B9571DCBC24A00372398 /* PersistencyManager.swift */; };
		BE32B95C1DCBD02800372398 /* BikeStationStore.swift in Sources */ = {isa = PBXBuildFile; fileRef = BE32B95B1DCBD02800372398 /* BikeStationStore.swift */; };
		BE32B9611DCBD16300372398 /* BikeStationEntity+CoreDataProperties.swift in Sources */ = {isa = PBXBuildFile; fileRef = BE32B95F1DCBD16300372398 /* BikeStationEntity+CoreDataProperties.swift */; };
		BE32B9641DCBDC3A00372398 /* TestBikeStationPersistency.swift in Sources */ = {isa = PBXBuildFile; fileRef = BE32B9631DCBDC3A00372398 /* TestBikeStationPersistency.swift */; };
		BE32B9651DCBDCAA00372398 /* BikeStationStore.swift in Sources */ = {isa = PBXBuildFile; fileRef = BE32B95B1DCBD02800372398 /* BikeStationStore.swift */; };
		BE32B9671DCBDCB700372398 /* BikeStationEntity+CoreDataProperties.swift in Sources */ = {isa = PBXBuildFile; fileRef = BE32B95F1DCBD16300372398 /* BikeStationEntity+CoreDataProperties.swift */; };
		BE32B9681DCBDD5100372398 /* PersistencyManager.swift in Sources */ = {isa = PBXBuildFile; fileRef = BE32B9571DCBC24A00372398 /* PersistencyManager.swift */; };
		BE32B9691DCBE16400372398 /* BikeStation.swift in Sources */ = {isa = PBXBuildFile; fileRef = BE15F9201DCB8C9D00272E22 /* BikeStation.swift */; };
		BE32B96B1DCBFD8300372398 /* BikeStationEntity+CoreDataClass.swift in Sources */ = {isa = PBXBuildFile; fileRef = BE32B96A1DCBFD8300372398 /* BikeStationEntity+CoreDataClass.swift */; };
		BE32B96D1DCC07E800372398 /* MapViewHelper.swift in Sources */ = {isa = PBXBuildFile; fileRef = BE32B96C1DCC07E800372398 /* MapViewHelper.swift */; };
		BE32B96F1DCC28FC00372398 /* CalloutView.xib in Resources */ = {isa = PBXBuildFile; fileRef = BE32B96E1DCC28FC00372398 /* CalloutView.xib */; };
		BE8B25E91DFA58B200FFBEC3 /* Result.swift in Sources */ = {isa = PBXBuildFile; fileRef = BE8B25E81DFA58B200FFBEC3 /* Result.swift */; };
		BE9020831DCCE39E00ECD094 /* MapViewAnnotation.swift in Sources */ = {isa = PBXBuildFile; fileRef = BE9020821DCCE39E00ECD094 /* MapViewAnnotation.swift */; };
		BE9020851DCCF79E00ECD094 /* LoadingView.swift in Sources */ = {isa = PBXBuildFile; fileRef = BE9020841DCCF79E00ECD094 /* LoadingView.swift */; };
		BE9020871DCD140E00ECD094 /* BikeStationInfo.swift in Sources */ = {isa = PBXBuildFile; fileRef = BE9020861DCD140E00ECD094 /* BikeStationInfo.swift */; };
/* End PBXBuildFile section */

/* Begin PBXContainerItemProxy section */
		BE15F9031DCB8C5D00272E22 /* PBXContainerItemProxy */ = {
			isa = PBXContainerItemProxy;
			containerPortal = BE15F8E31DCB8C5D00272E22 /* Project object */;
			proxyType = 1;
			remoteGlobalIDString = BE15F8EA1DCB8C5D00272E22;
			remoteInfo = BikeStations;
		};
		BE15F90E1DCB8C5D00272E22 /* PBXContainerItemProxy */ = {
			isa = PBXContainerItemProxy;
			containerPortal = BE15F8E31DCB8C5D00272E22 /* Project object */;
			proxyType = 1;
			remoteGlobalIDString = BE15F8EA1DCB8C5D00272E22;
			remoteInfo = BikeStations;
		};
/* End PBXContainerItemProxy section */

/* Begin PBXFileReference section */
		0DE2A549F051120EAD9AF7EB /* Pods_BikeStationsTests.framework */ = {isa = PBXFileReference; explicitFileType = wrapper.framework; includeInIndex = 0; path = Pods_BikeStationsTests.framework; sourceTree = BUILT_PRODUCTS_DIR; };
		3A324F465C05D5C2CC34304E /* Pods-BikeStationsTests.debug.xcconfig */ = {isa = PBXFileReference; includeInIndex = 1; lastKnownFileType = text.xcconfig; name = "Pods-BikeStationsTests.debug.xcconfig"; path = "Pods/Target Support Files/Pods-BikeStationsTests/Pods-BikeStationsTests.debug.xcconfig"; sourceTree = "<group>"; };
		3B45635DA2E919EFD9A7070E /* Pods-BikeStations.release.xcconfig */ = {isa = PBXFileReference; includeInIndex = 1; lastKnownFileType = text.xcconfig; name = "Pods-BikeStations.release.xcconfig"; path = "Pods/Target Support Files/Pods-BikeStations/Pods-BikeStations.release.xcconfig"; sourceTree = "<group>"; };
		965E753722311C542A436BE6 /* Pods_BikeStations.framework */ = {isa = PBXFileReference; explicitFileType = wrapper.framework; includeInIndex = 0; path = Pods_BikeStations.framework; sourceTree = BUILT_PRODUCTS_DIR; };
		A6645280C441E952E4B1FC12 /* Pods-BikeStationsTests.release.xcconfig */ = {isa = PBXFileReference; includeInIndex = 1; lastKnownFileType = text.xcconfig; name = "Pods-BikeStationsTests.release.xcconfig"; path = "Pods/Target Support Files/Pods-BikeStationsTests/Pods-BikeStationsTests.release.xcconfig"; sourceTree = "<group>"; };
		B08269C392026BDA852AD563 /* Pods-BikeStations.debug.xcconfig */ = {isa = PBXFileReference; includeInIndex = 1; lastKnownFileType = text.xcconfig; name = "Pods-BikeStations.debug.xcconfig"; path = "Pods/Target Support Files/Pods-BikeStations/Pods-BikeStations.debug.xcconfig"; sourceTree = "<group>"; };
		BE15F8EB1DCB8C5D00272E22 /* BikeStations.app */ = {isa = PBXFileReference; explicitFileType = wrapper.application; includeInIndex = 0; path = BikeStations.app; sourceTree = BUILT_PRODUCTS_DIR; };
		BE15F8EE1DCB8C5D00272E22 /* AppDelegate.swift */ = {isa = PBXFileReference; lastKnownFileType = sourcecode.swift; path = AppDelegate.swift; sourceTree = "<group>"; };
		BE15F8F01DCB8C5D00272E22 /* MapViewController.swift */ = {isa = PBXFileReference; lastKnownFileType = sourcecode.swift; path = MapViewController.swift; sourceTree = "<group>"; };
		BE15F8F31DCB8C5D00272E22 /* Base */ = {isa = PBXFileReference; lastKnownFileType = file.storyboard; name = Base; path = Base.lproj/Main.storyboard; sourceTree = "<group>"; };
		BE15F8F61DCB8C5D00272E22 /* BikeStations.xcdatamodel */ = {isa = PBXFileReference; lastKnownFileType = wrapper.xcdatamodel; path = BikeStations.xcdatamodel; sourceTree = "<group>"; };
		BE15F8F81DCB8C5D00272E22 /* Assets.xcassets */ = {isa = PBXFileReference; lastKnownFileType = folder.assetcatalog; path = Assets.xcassets; sourceTree = "<group>"; };
		BE15F8FB1DCB8C5D00272E22 /* Base */ = {isa = PBXFileReference; lastKnownFileType = file.storyboard; name = Base; path = Base.lproj/LaunchScreen.storyboard; sourceTree = "<group>"; };
		BE15F8FD1DCB8C5D00272E22 /* Info.plist */ = {isa = PBXFileReference; lastKnownFileType = text.plist.xml; path = Info.plist; sourceTree = "<group>"; };
		BE15F9021DCB8C5D00272E22 /* BikeStationsTests.xctest */ = {isa = PBXFileReference; explicitFileType = wrapper.cfbundle; includeInIndex = 0; path = BikeStationsTests.xctest; sourceTree = BUILT_PRODUCTS_DIR; };
		BE15F9081DCB8C5D00272E22 /* Info.plist */ = {isa = PBXFileReference; lastKnownFileType = text.plist.xml; path = Info.plist; sourceTree = "<group>"; };
		BE15F90D1DCB8C5D00272E22 /* BikeStationsUITests.xctest */ = {isa = PBXFileReference; explicitFileType = wrapper.cfbundle; includeInIndex = 0; path = BikeStationsUITests.xctest; sourceTree = BUILT_PRODUCTS_DIR; };
		BE15F9111DCB8C5D00272E22 /* BikeStationsUITests.swift */ = {isa = PBXFileReference; lastKnownFileType = sourcecode.swift; path = BikeStationsUITests.swift; sourceTree = "<group>"; };
		BE15F9131DCB8C5D00272E22 /* Info.plist */ = {isa = PBXFileReference; lastKnownFileType = text.plist.xml; path = Info.plist; sourceTree = "<group>"; };
		BE15F9201DCB8C9D00272E22 /* BikeStation.swift */ = {isa = PBXFileReference; fileEncoding = 4; lastKnownFileType = sourcecode.swift; name = BikeStation.swift; path = Modules/Model/BikeStation.swift; sourceTree = "<group>"; };
		BE15F9251DCB925800272E22 /* BikeStationController.swift */ = {isa = PBXFileReference; fileEncoding = 4; lastKnownFileType = sourcecode.swift; name = BikeStationController.swift; path = Modules/Controller/BikeStationController.swift; sourceTree = "<group>"; };
		BE15F92A1DCB97F900272E22 /* Constants.swift */ = {isa = PBXFileReference; fileEncoding = 4; lastKnownFileType = sourcecode.swift; path = Constants.swift; sourceTree = "<group>"; };
		BE15F92E1DCB9C9E00272E22 /* Error.swift */ = {isa = PBXFileReference; fileEncoding = 4; lastKnownFileType = sourcecode.swift; path = Error.swift; sourceTree = "<group>"; };
		BE32B9541DCBA4AE00372398 /* CalloutView.swift */ = {isa = PBXFileReference; fileEncoding = 4; lastKnownFileType = sourcecode.swift; name = CalloutView.swift; path = Modules/Views/CalloutView.swift; sourceTree = "<group>"; };
		BE32B9571DCBC24A00372398 /* PersistencyManager.swift */ = {isa = PBXFileReference; fileEncoding = 4; lastKnownFileType = sourcecode.swift; path = PersistencyManager.swift; sourceTree = "<group>"; };
		BE32B95B1DCBD02800372398 /* BikeStationStore.swift */ = {isa = PBXFileReference; fileEncoding = 4; lastKnownFileType = sourcecode.swift; name = BikeStationStore.swift; path = Modules/Persistence/BikeStationStore.swift; sourceTree = "<group>"; };
		BE32B95F1DCBD16300372398 /* BikeStationEntity+CoreDataProperties.swift */ = {isa = PBXFileReference; fileEncoding = 4; lastKnownFileType = sourcecode.swift; path = "BikeStationEntity+CoreDataProperties.swift"; sourceTree = "<group>"; };
		BE32B9621DCBDC3A00372398 /* BikeStationsTests-Bridging-Header.h */ = {isa = PBXFileReference; lastKnownFileType = sourcecode.c.h; path = "BikeStationsTests-Bridging-Header.h"; sourceTree = "<group>"; };
		BE32B9631DCBDC3A00372398 /* TestBikeStationPersistency.swift */ = {isa = PBXFileReference; fileEncoding = 4; lastKnownFileType = sourcecode.swift; path = TestBikeStationPersistency.swift; sourceTree = "<group>"; };
		BE32B96A1DCBFD8300372398 /* BikeStationEntity+CoreDataClass.swift */ = {isa = PBXFileReference; fileEncoding = 4; lastKnownFileType = sourcecode.swift; path = "BikeStationEntity+CoreDataClass.swift"; sourceTree = "<group>"; };
		BE32B96C1DCC07E800372398 /* MapViewHelper.swift */ = {isa = PBXFileReference; fileEncoding = 4; lastKnownFileType = sourcecode.swift; path = MapViewHelper.swift; sourceTree = "<group>"; };
		BE32B96E1DCC28FC00372398 /* CalloutView.xib */ = {isa = PBXFileReference; fileEncoding = 4; lastKnownFileType = file.xib; name = CalloutView.xib; path = Modules/Views/CalloutView.xib; sourceTree = "<group>"; };
		BE8B25E81DFA58B200FFBEC3 /* Result.swift */ = {isa = PBXFileReference; fileEncoding = 4; lastKnownFileType = sourcecode.swift; path = Result.swift; sourceTree = "<group>"; };
		BE9020821DCCE39E00ECD094 /* MapViewAnnotation.swift */ = {isa = PBXFileReference; fileEncoding = 4; lastKnownFileType = sourcecode.swift; name = MapViewAnnotation.swift; path = Modules/Views/MapViewAnnotation.swift; sourceTree = "<group>"; };
		BE9020841DCCF79E00ECD094 /* LoadingView.swift */ = {isa = PBXFileReference; fileEncoding = 4; lastKnownFileType = sourcecode.swift; name = LoadingView.swift; path = Modules/Views/LoadingView.swift; sourceTree = "<group>"; };
		BE9020861DCD140E00ECD094 /* BikeStationInfo.swift */ = {isa = PBXFileReference; fileEncoding = 4; lastKnownFileType = sourcecode.swift; name = BikeStationInfo.swift; path = Modules/Model/BikeStationInfo.swift; sourceTree = "<group>"; };
/* End PBXFileReference section */

/* Begin PBXFrameworksBuildPhase section */
		BE15F8E81DCB8C5D00272E22 /* Frameworks */ = {
			isa = PBXFrameworksBuildPhase;
			buildActionMask = 2147483647;
			files = (
				2BCFCE3CB061CD0EE820F688 /* Pods_BikeStations.framework in Frameworks */,
			);
			runOnlyForDeploymentPostprocessing = 0;
		};
		BE15F8FF1DCB8C5D00272E22 /* Frameworks */ = {
			isa = PBXFrameworksBuildPhase;
			buildActionMask = 2147483647;
			files = (
				504DC8F3D786267C27728B2E /* Pods_BikeStationsTests.framework in Frameworks */,
			);
			runOnlyForDeploymentPostprocessing = 0;
		};
		BE15F90A1DCB8C5D00272E22 /* Frameworks */ = {
			isa = PBXFrameworksBuildPhase;
			buildActionMask = 2147483647;
			files = (
			);
			runOnlyForDeploymentPostprocessing = 0;
		};
/* End PBXFrameworksBuildPhase section */

/* Begin PBXGroup section */
		3638DD6A300CC05434E22626 /* Pods */ = {
			isa = PBXGroup;
			children = (
				B08269C392026BDA852AD563 /* Pods-BikeStations.debug.xcconfig */,
				3B45635DA2E919EFD9A7070E /* Pods-BikeStations.release.xcconfig */,
				3A324F465C05D5C2CC34304E /* Pods-BikeStationsTests.debug.xcconfig */,
				A6645280C441E952E4B1FC12 /* Pods-BikeStationsTests.release.xcconfig */,
			);
			name = Pods;
			sourceTree = "<group>";
		};
		90570748D07FB127FED2B84F /* Frameworks */ = {
			isa = PBXGroup;
			children = (
				965E753722311C542A436BE6 /* Pods_BikeStations.framework */,
				0DE2A549F051120EAD9AF7EB /* Pods_BikeStationsTests.framework */,
			);
			name = Frameworks;
			sourceTree = "<group>";
		};
		BE15F8E21DCB8C5D00272E22 = {
			isa = PBXGroup;
			children = (
				BE15F8ED1DCB8C5D00272E22 /* BikeStations */,
				BE15F9051DCB8C5D00272E22 /* BikeStationsTests */,
				BE15F9101DCB8C5D00272E22 /* BikeStationsUITests */,
				BE15F8EC1DCB8C5D00272E22 /* Products */,
				3638DD6A300CC05434E22626 /* Pods */,
				90570748D07FB127FED2B84F /* Frameworks */,
			);
			sourceTree = "<group>";
		};
		BE15F8EC1DCB8C5D00272E22 /* Products */ = {
			isa = PBXGroup;
			children = (
				BE15F8EB1DCB8C5D00272E22 /* BikeStations.app */,
				BE15F9021DCB8C5D00272E22 /* BikeStationsTests.xctest */,
				BE15F90D1DCB8C5D00272E22 /* BikeStationsUITests.xctest */,
			);
			name = Products;
			sourceTree = "<group>";
		};
		BE15F8ED1DCB8C5D00272E22 /* BikeStations */ = {
			isa = PBXGroup;
			children = (
				BE15F9291DCB97EC00272E22 /* Helper Classes */,
				BE15F9281DCB976000272E22 /* AppDegelate */,
				BE15F91F1DCB8C7B00272E22 /* Modules */,
				BE15F8F21DCB8C5D00272E22 /* Main.storyboard */,
				BE15F8F81DCB8C5D00272E22 /* Assets.xcassets */,
				BE15F8FA1DCB8C5D00272E22 /* LaunchScreen.storyboard */,
				BE15F8FD1DCB8C5D00272E22 /* Info.plist */,
				BE15F8F51DCB8C5D00272E22 /* BikeStations.xcdatamodeld */,
			);
			path = BikeStations;
			sourceTree = "<group>";
		};
		BE15F9051DCB8C5D00272E22 /* BikeStationsTests */ = {
			isa = PBXGroup;
			children = (
				BE15F9081DCB8C5D00272E22 /* Info.plist */,
				BE32B9631DCBDC3A00372398 /* TestBikeStationPersistency.swift */,
				BE32B9621DCBDC3A00372398 /* BikeStationsTests-Bridging-Header.h */,
			);
			path = BikeStationsTests;
			sourceTree = "<group>";
		};
		BE15F9101DCB8C5D00272E22 /* BikeStationsUITests */ = {
			isa = PBXGroup;
			children = (
				BE15F9111DCB8C5D00272E22 /* BikeStationsUITests.swift */,
				BE15F9131DCB8C5D00272E22 /* Info.plist */,
			);
			path = BikeStationsUITests;
			sourceTree = "<group>";
		};
		BE15F91F1DCB8C7B00272E22 /* Modules */ = {
			isa = PBXGroup;
			children = (
				BE15F9241DCB923400272E22 /* Map */,
			);
			name = Modules;
			sourceTree = "<group>";
		};
		BE15F9221DCB8CA200272E22 /* Model */ = {
			isa = PBXGroup;
			children = (
				BE15F9201DCB8C9D00272E22 /* BikeStation.swift */,
				BE9020861DCD140E00ECD094 /* BikeStationInfo.swift */,
			);
			name = Model;
			sourceTree = "<group>";
		};
		BE15F9231DCB8D2000272E22 /* Controller */ = {
			isa = PBXGroup;
			children = (
				BE15F8F01DCB8C5D00272E22 /* MapViewController.swift */,
			);
			name = Controller;
			sourceTree = "<group>";
		};
		BE15F9241DCB923400272E22 /* Map */ = {
			isa = PBXGroup;
			children = (
				BE32B9591DCBCFCA00372398 /* Persistence */,
				BE32B9531DCBA48300372398 /* Views */,
				BE32B9521DCBA10F00372398 /* Client */,
				BE15F9231DCB8D2000272E22 /* Controller */,
				BE15F9221DCB8CA200272E22 /* Model */,
			);
			name = Map;
			sourceTree = "<group>";
		};
		BE15F9281DCB976000272E22 /* AppDegelate */ = {
			isa = PBXGroup;
			children = (
				BE15F8EE1DCB8C5D00272E22 /* AppDelegate.swift */,
			);
			name = AppDegelate;
			sourceTree = "<group>";
		};
		BE15F9291DCB97EC00272E22 /* Helper Classes */ = {
			isa = PBXGroup;
			children = (
				BE15F92A1DCB97F900272E22 /* Constants.swift */,
				BE15F92E1DCB9C9E00272E22 /* Error.swift */,
				BE32B9571DCBC24A00372398 /* PersistencyManager.swift */,
				BE32B96C1DCC07E800372398 /* MapViewHelper.swift */,
				BE8B25E81DFA58B200FFBEC3 /* Result.swift */,
			);
			name = "Helper Classes";
			sourceTree = "<group>";
		};
		BE32B9521DCBA10F00372398 /* Client */ = {
			isa = PBXGroup;
			children = (
				BE15F9251DCB925800272E22 /* BikeStationController.swift */,
			);
			name = Client;
			sourceTree = "<group>";
		};
		BE32B9531DCBA48300372398 /* Views */ = {
			isa = PBXGroup;
			children = (
				BE32B9541DCBA4AE00372398 /* CalloutView.swift */,
				BE32B96E1DCC28FC00372398 /* CalloutView.xib */,
				BE9020821DCCE39E00ECD094 /* MapViewAnnotation.swift */,
				BE9020841DCCF79E00ECD094 /* LoadingView.swift */,
			);
			name = Views;
			sourceTree = "<group>";
		};
		BE32B9591DCBCFCA00372398 /* Persistence */ = {
			isa = PBXGroup;
			children = (
				BE32B95D1DCBD11A00372398 /* Entities */,
				BE32B95B1DCBD02800372398 /* BikeStationStore.swift */,
			);
			name = Persistence;
			sourceTree = "<group>";
		};
		BE32B95D1DCBD11A00372398 /* Entities */ = {
			isa = PBXGroup;
			children = (
				BE32B96A1DCBFD8300372398 /* BikeStationEntity+CoreDataClass.swift */,
				BE32B95F1DCBD16300372398 /* BikeStationEntity+CoreDataProperties.swift */,
			);
			name = Entities;
			sourceTree = "<group>";
		};
/* End PBXGroup section */

/* Begin PBXNativeTarget section */
		BE15F8EA1DCB8C5D00272E22 /* BikeStations */ = {
			isa = PBXNativeTarget;
			buildConfigurationList = BE15F9161DCB8C5D00272E22 /* Build configuration list for PBXNativeTarget "BikeStations" */;
			buildPhases = (
				5E4724BF56D7A5C1839A1C67 /* [CP] Check Pods Manifest.lock */,
				BE15F8E71DCB8C5D00272E22 /* Sources */,
				BE15F8E81DCB8C5D00272E22 /* Frameworks */,
				BE15F8E91DCB8C5D00272E22 /* Resources */,
				6990988EF612B0454C41CE4A /* [CP] Embed Pods Frameworks */,
				BFE116AD092C63603F80E388 /* [CP] Copy Pods Resources */,
			);
			buildRules = (
			);
			dependencies = (
			);
			name = BikeStations;
			productName = BikeStations;
			productReference = BE15F8EB1DCB8C5D00272E22 /* BikeStations.app */;
			productType = "com.apple.product-type.application";
		};
		BE15F9011DCB8C5D00272E22 /* BikeStationsTests */ = {
			isa = PBXNativeTarget;
			buildConfigurationList = BE15F9191DCB8C5D00272E22 /* Build configuration list for PBXNativeTarget "BikeStationsTests" */;
			buildPhases = (
				AB2C2A66AB11B434C0CB557E /* [CP] Check Pods Manifest.lock */,
				BE15F8FE1DCB8C5D00272E22 /* Sources */,
				BE15F8FF1DCB8C5D00272E22 /* Frameworks */,
				BE15F9001DCB8C5D00272E22 /* Resources */,
				F7EC79D10FBE9EF6F5DB4AA8 /* [CP] Embed Pods Frameworks */,
				0B264236AAF37B3BFD54B737 /* [CP] Copy Pods Resources */,
			);
			buildRules = (
			);
			dependencies = (
				BE15F9041DCB8C5D00272E22 /* PBXTargetDependency */,
			);
			name = BikeStationsTests;
			productName = BikeStationsTests;
			productReference = BE15F9021DCB8C5D00272E22 /* BikeStationsTests.xctest */;
			productType = "com.apple.product-type.bundle.unit-test";
		};
		BE15F90C1DCB8C5D00272E22 /* BikeStationsUITests */ = {
			isa = PBXNativeTarget;
			buildConfigurationList = BE15F91C1DCB8C5D00272E22 /* Build configuration list for PBXNativeTarget "BikeStationsUITests" */;
			buildPhases = (
				BE15F9091DCB8C5D00272E22 /* Sources */,
				BE15F90A1DCB8C5D00272E22 /* Frameworks */,
				BE15F90B1DCB8C5D00272E22 /* Resources */,
			);
			buildRules = (
			);
			dependencies = (
				BE15F90F1DCB8C5D00272E22 /* PBXTargetDependency */,
			);
			name = BikeStationsUITests;
			productName = BikeStationsUITests;
			productReference = BE15F90D1DCB8C5D00272E22 /* BikeStationsUITests.xctest */;
			productType = "com.apple.product-type.bundle.ui-testing";
		};
/* End PBXNativeTarget section */

/* Begin PBXProject section */
		BE15F8E31DCB8C5D00272E22 /* Project object */ = {
			isa = PBXProject;
			attributes = {
				LastSwiftUpdateCheck = 0800;
				LastUpgradeCheck = 0800;
				ORGANIZATIONNAME = Green;
				TargetAttributes = {
					BE15F8EA1DCB8C5D00272E22 = {
						CreatedOnToolsVersion = 8.0;
						DevelopmentTeam = KZ6MLA9K63;
						LastSwiftMigration = 0800;
						ProvisioningStyle = Automatic;
					};
					BE15F9011DCB8C5D00272E22 = {
						CreatedOnToolsVersion = 8.0;
						DevelopmentTeam = KZ6MLA9K63;
						LastSwiftMigration = 0800;
						ProvisioningStyle = Automatic;
						TestTargetID = BE15F8EA1DCB8C5D00272E22;
					};
					BE15F90C1DCB8C5D00272E22 = {
						CreatedOnToolsVersion = 8.0;
						DevelopmentTeam = KZ6MLA9K63;
						LastSwiftMigration = 0800;
						ProvisioningStyle = Automatic;
						TestTargetID = BE15F8EA1DCB8C5D00272E22;
					};
				};
			};
			buildConfigurationList = BE15F8E61DCB8C5D00272E22 /* Build configuration list for PBXProject "BikeStations" */;
			compatibilityVersion = "Xcode 3.2";
			developmentRegion = English;
			hasScannedForEncodings = 0;
			knownRegions = (
				en,
				Base,
			);
			mainGroup = BE15F8E21DCB8C5D00272E22;
			productRefGroup = BE15F8EC1DCB8C5D00272E22 /* Products */;
			projectDirPath = "";
			projectRoot = "";
			targets = (
				BE15F8EA1DCB8C5D00272E22 /* BikeStations */,
				BE15F9011DCB8C5D00272E22 /* BikeStationsTests */,
				BE15F90C1DCB8C5D00272E22 /* BikeStationsUITests */,
			);
		};
/* End PBXProject section */

/* Begin PBXResourcesBuildPhase section */
		BE15F8E91DCB8C5D00272E22 /* Resources */ = {
			isa = PBXResourcesBuildPhase;
			buildActionMask = 2147483647;
			files = (
				BE15F8FC1DCB8C5D00272E22 /* LaunchScreen.storyboard in Resources */,
				BE32B96F1DCC28FC00372398 /* CalloutView.xib in Resources */,
				BE15F8F91DCB8C5D00272E22 /* Assets.xcassets in Resources */,
				BE15F8F41DCB8C5D00272E22 /* Main.storyboard in Resources */,
			);
			runOnlyForDeploymentPostprocessing = 0;
		};
		BE15F9001DCB8C5D00272E22 /* Resources */ = {
			isa = PBXResourcesBuildPhase;
			buildActionMask = 2147483647;
			files = (
			);
			runOnlyForDeploymentPostprocessing = 0;
		};
		BE15F90B1DCB8C5D00272E22 /* Resources */ = {
			isa = PBXResourcesBuildPhase;
			buildActionMask = 2147483647;
			files = (
			);
			runOnlyForDeploymentPostprocessing = 0;
		};
/* End PBXResourcesBuildPhase section */

/* Begin PBXShellScriptBuildPhase section */
		0B264236AAF37B3BFD54B737 /* [CP] Copy Pods Resources */ = {
			isa = PBXShellScriptBuildPhase;
			buildActionMask = 2147483647;
			files = (
			);
			inputPaths = (
			);
			name = "[CP] Copy Pods Resources";
			outputPaths = (
			);
			runOnlyForDeploymentPostprocessing = 0;
			shellPath = /bin/sh;
			shellScript = "\"${SRCROOT}/Pods/Target Support Files/Pods-BikeStationsTests/Pods-BikeStationsTests-resources.sh\"\n";
			showEnvVarsInLog = 0;
		};
		5E4724BF56D7A5C1839A1C67 /* [CP] Check Pods Manifest.lock */ = {
			isa = PBXShellScriptBuildPhase;
			buildActionMask = 2147483647;
			files = (
			);
			inputPaths = (
			);
			name = "[CP] Check Pods Manifest.lock";
			outputPaths = (
			);
			runOnlyForDeploymentPostprocessing = 0;
			shellPath = /bin/sh;
			shellScript = "diff \"${PODS_ROOT}/../Podfile.lock\" \"${PODS_ROOT}/Manifest.lock\" > /dev/null\nif [[ $? != 0 ]] ; then\n    cat << EOM\nerror: The sandbox is not in sync with the Podfile.lock. Run 'pod install' or update your CocoaPods installation.\nEOM\n    exit 1\nfi\n";
			showEnvVarsInLog = 0;
		};
		6990988EF612B0454C41CE4A /* [CP] Embed Pods Frameworks */ = {
			isa = PBXShellScriptBuildPhase;
			buildActionMask = 2147483647;
			files = (
			);
			inputPaths = (
			);
			name = "[CP] Embed Pods Frameworks";
			outputPaths = (
			);
			runOnlyForDeploymentPostprocessing = 0;
			shellPath = /bin/sh;
			shellScript = "\"${SRCROOT}/Pods/Target Support Files/Pods-BikeStations/Pods-BikeStations-frameworks.sh\"\n";
			showEnvVarsInLog = 0;
		};
		AB2C2A66AB11B434C0CB557E /* [CP] Check Pods Manifest.lock */ = {
			isa = PBXShellScriptBuildPhase;
			buildActionMask = 2147483647;
			files = (
			);
			inputPaths = (
			);
			name = "[CP] Check Pods Manifest.lock";
			outputPaths = (
			);
			runOnlyForDeploymentPostprocessing = 0;
			shellPath = /bin/sh;
			shellScript = "diff \"${PODS_ROOT}/../Podfile.lock\" \"${PODS_ROOT}/Manifest.lock\" > /dev/null\nif [[ $? != 0 ]] ; then\n    cat << EOM\nerror: The sandbox is not in sync with the Podfile.lock. Run 'pod install' or update your CocoaPods installation.\nEOM\n    exit 1\nfi\n";
			showEnvVarsInLog = 0;
		};
		BFE116AD092C63603F80E388 /* [CP] Copy Pods Resources */ = {
			isa = PBXShellScriptBuildPhase;
			buildActionMask = 2147483647;
			files = (
			);
			inputPaths = (
			);
			name = "[CP] Copy Pods Resources";
			outputPaths = (
			);
			runOnlyForDeploymentPostprocessing = 0;
			shellPath = /bin/sh;
			shellScript = "\"${SRCROOT}/Pods/Target Support Files/Pods-BikeStations/Pods-BikeStations-resources.sh\"\n";
			showEnvVarsInLog = 0;
		};
		F7EC79D10FBE9EF6F5DB4AA8 /* [CP] Embed Pods Frameworks */ = {
			isa = PBXShellScriptBuildPhase;
			buildActionMask = 2147483647;
			files = (
			);
			inputPaths = (
			);
			name = "[CP] Embed Pods Frameworks";
			outputPaths = (
			);
			runOnlyForDeploymentPostprocessing = 0;
			shellPath = /bin/sh;
			shellScript = "\"${SRCROOT}/Pods/Target Support Files/Pods-BikeStationsTests/Pods-BikeStationsTests-frameworks.sh\"\n";
			showEnvVarsInLog = 0;
		};
/* End PBXShellScriptBuildPhase section */

/* Begin PBXSourcesBuildPhase section */
		BE15F8E71DCB8C5D00272E22 /* Sources */ = {
			isa = PBXSourcesBuildPhase;
			buildActionMask = 2147483647;
			files = (
				BE15F92F1DCB9C9E00272E22 /* Error.swift in Sources */,
				BE32B95C1DCBD02800372398 /* BikeStationStore.swift in Sources */,
				BE32B96B1DCBFD8300372398 /* BikeStationEntity+CoreDataClass.swift in Sources */,
				BE15F8F71DCB8C5D00272E22 /* BikeStations.xcdatamodeld in Sources */,
				BE9020851DCCF79E00ECD094 /* LoadingView.swift in Sources */,
				BE15F9211DCB8C9D00272E22 /* BikeStation.swift in Sources */,
				BE9020831DCCE39E00ECD094 /* MapViewAnnotation.swift in Sources */,
				BE15F8F11DCB8C5D00272E22 /* MapViewController.swift in Sources */,
				BE32B9551DCBA4AE00372398 /* CalloutView.swift in Sources */,
				BE9020871DCD140E00ECD094 /* BikeStationInfo.swift in Sources */,
				BE15F9261DCB925800272E22 /* BikeStationController.swift in Sources */,
				BE32B9581DCBC24A00372398 /* PersistencyManager.swift in Sources */,
				BE32B96D1DCC07E800372398 /* MapViewHelper.swift in Sources */,
				BE15F8EF1DCB8C5D00272E22 /* AppDelegate.swift in Sources */,
				BE8B25E91DFA58B200FFBEC3 /* Result.swift in Sources */,
				BE32B9611DCBD16300372398 /* BikeStationEntity+CoreDataProperties.swift in Sources */,
				BE15F92B1DCB97F900272E22 /* Constants.swift in Sources */,
			);
			runOnlyForDeploymentPostprocessing = 0;
		};
		BE15F8FE1DCB8C5D00272E22 /* Sources */ = {
			isa = PBXSourcesBuildPhase;
			buildActionMask = 2147483647;
			files = (
				BE32B9681DCBDD5100372398 /* PersistencyManager.swift in Sources */,
				BE32B9641DCBDC3A00372398 /* TestBikeStationPersistency.swift in Sources */,
				BE32B9651DCBDCAA00372398 /* BikeStationStore.swift in Sources */,
				BE32B9671DCBDCB700372398 /* BikeStationEntity+CoreDataProperties.swift in Sources */,
				BE32B9691DCBE16400372398 /* BikeStation.swift in Sources */,
			);
			runOnlyForDeploymentPostprocessing = 0;
		};
		BE15F9091DCB8C5D00272E22 /* Sources */ = {
			isa = PBXSourcesBuildPhase;
			buildActionMask = 2147483647;
			files = (
				BE15F9121DCB8C5D00272E22 /* BikeStationsUITests.swift in Sources */,
			);
			runOnlyForDeploymentPostprocessing = 0;
		};
/* End PBXSourcesBuildPhase section */

/* Begin PBXTargetDependency section */
		BE15F9041DCB8C5D00272E22 /* PBXTargetDependency */ = {
			isa = PBXTargetDependency;
			target = BE15F8EA1DCB8C5D00272E22 /* BikeStations */;
			targetProxy = BE15F9031DCB8C5D00272E22 /* PBXContainerItemProxy */;
		};
		BE15F90F1DCB8C5D00272E22 /* PBXTargetDependency */ = {
			isa = PBXTargetDependency;
			target = BE15F8EA1DCB8C5D00272E22 /* BikeStations */;
			targetProxy = BE15F90E1DCB8C5D00272E22 /* PBXContainerItemProxy */;
		};
/* End PBXTargetDependency section */

/* Begin PBXVariantGroup section */
		BE15F8F21DCB8C5D00272E22 /* Main.storyboard */ = {
			isa = PBXVariantGroup;
			children = (
				BE15F8F31DCB8C5D00272E22 /* Base */,
			);
			name = Main.storyboard;
			sourceTree = "<group>";
		};
		BE15F8FA1DCB8C5D00272E22 /* LaunchScreen.storyboard */ = {
			isa = PBXVariantGroup;
			children = (
				BE15F8FB1DCB8C5D00272E22 /* Base */,
			);
			name = LaunchScreen.storyboard;
			sourceTree = "<group>";
		};
/* End PBXVariantGroup section */

/* Begin XCBuildConfiguration section */
		BE15F9141DCB8C5D00272E22 /* Debug */ = {
			isa = XCBuildConfiguration;
			buildSettings = {
				ALWAYS_SEARCH_USER_PATHS = NO;
				CLANG_ANALYZER_NONNULL = YES;
				CLANG_CXX_LANGUAGE_STANDARD = "gnu++0x";
				CLANG_CXX_LIBRARY = "libc++";
				CLANG_ENABLE_MODULES = YES;
				CLANG_ENABLE_OBJC_ARC = YES;
				CLANG_WARN_BOOL_CONVERSION = YES;
				CLANG_WARN_CONSTANT_CONVERSION = YES;
				CLANG_WARN_DIRECT_OBJC_ISA_USAGE = YES_ERROR;
				CLANG_WARN_DOCUMENTATION_COMMENTS = YES;
				CLANG_WARN_EMPTY_BODY = YES;
				CLANG_WARN_ENUM_CONVERSION = YES;
				CLANG_WARN_INFINITE_RECURSION = YES;
				CLANG_WARN_INT_CONVERSION = YES;
				CLANG_WARN_OBJC_ROOT_CLASS = YES_ERROR;
				CLANG_WARN_SUSPICIOUS_MOVES = YES;
				CLANG_WARN_UNREACHABLE_CODE = YES;
				CLANG_WARN__DUPLICATE_METHOD_MATCH = YES;
				"CODE_SIGN_IDENTITY[sdk=iphoneos*]" = "iPhone Developer";
				COPY_PHASE_STRIP = NO;
				DEBUG_INFORMATION_FORMAT = dwarf;
				ENABLE_STRICT_OBJC_MSGSEND = YES;
				ENABLE_TESTABILITY = YES;
				GCC_C_LANGUAGE_STANDARD = gnu99;
				GCC_DYNAMIC_NO_PIC = NO;
				GCC_NO_COMMON_BLOCKS = YES;
				GCC_OPTIMIZATION_LEVEL = 0;
				GCC_PREPROCESSOR_DEFINITIONS = (
					"DEBUG=1",
					"$(inherited)",
				);
				GCC_WARN_64_TO_32_BIT_CONVERSION = YES;
				GCC_WARN_ABOUT_RETURN_TYPE = YES_ERROR;
				GCC_WARN_UNDECLARED_SELECTOR = YES;
				GCC_WARN_UNINITIALIZED_AUTOS = YES_AGGRESSIVE;
				GCC_WARN_UNUSED_FUNCTION = YES;
				GCC_WARN_UNUSED_VARIABLE = YES;
				IPHONEOS_DEPLOYMENT_TARGET = 10.0;
				MTL_ENABLE_DEBUG_INFO = YES;
				ONLY_ACTIVE_ARCH = YES;
				SDKROOT = iphoneos;
				SWIFT_ACTIVE_COMPILATION_CONDITIONS = DEBUG;
				SWIFT_OPTIMIZATION_LEVEL = "-Onone";
			};
			name = Debug;
		};
		BE15F9151DCB8C5D00272E22 /* Release */ = {
			isa = XCBuildConfiguration;
			buildSettings = {
				ALWAYS_SEARCH_USER_PATHS = NO;
				CLANG_ANALYZER_NONNULL = YES;
				CLANG_CXX_LANGUAGE_STANDARD = "gnu++0x";
				CLANG_CXX_LIBRARY = "libc++";
				CLANG_ENABLE_MODULES = YES;
				CLANG_ENABLE_OBJC_ARC = YES;
				CLANG_WARN_BOOL_CONVERSION = YES;
				CLANG_WARN_CONSTANT_CONVERSION = YES;
				CLANG_WARN_DIRECT_OBJC_ISA_USAGE = YES_ERROR;
				CLANG_WARN_DOCUMENTATION_COMMENTS = YES;
				CLANG_WARN_EMPTY_BODY = YES;
				CLANG_WARN_ENUM_CONVERSION = YES;
				CLANG_WARN_INFINITE_RECURSION = YES;
				CLANG_WARN_INT_CONVERSION = YES;
				CLANG_WARN_OBJC_ROOT_CLASS = YES_ERROR;
				CLANG_WARN_SUSPICIOUS_MOVES = YES;
				CLANG_WARN_UNREACHABLE_CODE = YES;
				CLANG_WARN__DUPLICATE_METHOD_MATCH = YES;
				"CODE_SIGN_IDENTITY[sdk=iphoneos*]" = "iPhone Developer";
				COPY_PHASE_STRIP = NO;
				DEBUG_INFORMATION_FORMAT = "dwarf-with-dsym";
				ENABLE_NS_ASSERTIONS = NO;
				ENABLE_STRICT_OBJC_MSGSEND = YES;
				GCC_C_LANGUAGE_STANDARD = gnu99;
				GCC_NO_COMMON_BLOCKS = YES;
				GCC_WARN_64_TO_32_BIT_CONVERSION = YES;
				GCC_WARN_ABOUT_RETURN_TYPE = YES_ERROR;
				GCC_WARN_UNDECLARED_SELECTOR = YES;
				GCC_WARN_UNINITIALIZED_AUTOS = YES_AGGRESSIVE;
				GCC_WARN_UNUSED_FUNCTION = YES;
				GCC_WARN_UNUSED_VARIABLE = YES;
				IPHONEOS_DEPLOYMENT_TARGET = 10.0;
				MTL_ENABLE_DEBUG_INFO = NO;
				SDKROOT = iphoneos;
				SWIFT_OPTIMIZATION_LEVEL = "-Owholemodule";
				VALIDATE_PRODUCT = YES;
			};
			name = Release;
		};
		BE15F9171DCB8C5D00272E22 /* Debug */ = {
			isa = XCBuildConfiguration;
			baseConfigurationReference = B08269C392026BDA852AD563 /* Pods-BikeStations.debug.xcconfig */;
			buildSettings = {
				ASSETCATALOG_COMPILER_APPICON_NAME = AppIcon;
				DEVELOPMENT_TEAM = KZ6MLA9K63;
				INFOPLIST_FILE = BikeStations/Info.plist;
				LD_RUNPATH_SEARCH_PATHS = "$(inherited) @executable_path/Frameworks";
				PRODUCT_BUNDLE_IDENTIFIER = com.saturnino.BikeStations;
				PRODUCT_NAME = "$(TARGET_NAME)";
				SWIFT_VERSION = 3.0;
			};
			name = Debug;
		};
		BE15F9181DCB8C5D00272E22 /* Release */ = {
			isa = XCBuildConfiguration;
			baseConfigurationReference = 3B45635DA2E919EFD9A7070E /* Pods-BikeStations.release.xcconfig */;
			buildSettings = {
				ASSETCATALOG_COMPILER_APPICON_NAME = AppIcon;
				DEVELOPMENT_TEAM = KZ6MLA9K63;
				INFOPLIST_FILE = BikeStations/Info.plist;
				LD_RUNPATH_SEARCH_PATHS = "$(inherited) @executable_path/Frameworks";
				PRODUCT_BUNDLE_IDENTIFIER = com.saturnino.BikeStations;
				PRODUCT_NAME = "$(TARGET_NAME)";
				SWIFT_VERSION = 3.0;
			};
			name = Release;
		};
		BE15F91A1DCB8C5D00272E22 /* Debug */ = {
			isa = XCBuildConfiguration;
			baseConfigurationReference = 3A324F465C05D5C2CC34304E /* Pods-BikeStationsTests.debug.xcconfig */;
			buildSettings = {
				ALWAYS_EMBED_SWIFT_STANDARD_LIBRARIES = YES;
				BUNDLE_LOADER = "$(TEST_HOST)";
				CLANG_ENABLE_MODULES = YES;
				DEVELOPMENT_TEAM = KZ6MLA9K63;
				INFOPLIST_FILE = BikeStationsTests/Info.plist;
				LD_RUNPATH_SEARCH_PATHS = "$(inherited) @executable_path/Frameworks @loader_path/Frameworks";
				PRODUCT_BUNDLE_IDENTIFIER = com.saturnino.BikeStationsTests;
				PRODUCT_NAME = "$(TARGET_NAME)";
				SWIFT_OBJC_BRIDGING_HEADER = "BikeStationsTests/BikeStationsTests-Bridging-Header.h";
				SWIFT_OPTIMIZATION_LEVEL = "-Onone";
				SWIFT_VERSION = 3.0;
				TEST_HOST = "$(BUILT_PRODUCTS_DIR)/BikeStations.app/BikeStations";
			};
			name = Debug;
		};
		BE15F91B1DCB8C5D00272E22 /* Release */ = {
			isa = XCBuildConfiguration;
			baseConfigurationReference = A6645280C441E952E4B1FC12 /* Pods-BikeStationsTests.release.xcconfig */;
			buildSettings = {
				ALWAYS_EMBED_SWIFT_STANDARD_LIBRARIES = YES;
				BUNDLE_LOADER = "$(TEST_HOST)";
				CLANG_ENABLE_MODULES = YES;
				DEVELOPMENT_TEAM = KZ6MLA9K63;
				INFOPLIST_FILE = BikeStationsTests/Info.plist;
				LD_RUNPATH_SEARCH_PATHS = "$(inherited) @executable_path/Frameworks @loader_path/Frameworks";
				PRODUCT_BUNDLE_IDENTIFIER = com.saturnino.BikeStationsTests;
				PRODUCT_NAME = "$(TARGET_NAME)";
				SWIFT_OBJC_BRIDGING_HEADER = "BikeStationsTests/BikeStationsTests-Bridging-Header.h";
				SWIFT_VERSION = 3.0;
				TEST_HOST = "$(BUILT_PRODUCTS_DIR)/BikeStations.app/BikeStations";
			};
			name = Release;
		};
		BE15F91D1DCB8C5D00272E22 /* Debug */ = {
			isa = XCBuildConfiguration;
			buildSettings = {
				ALWAYS_EMBED_SWIFT_STANDARD_LIBRARIES = YES;
				DEVELOPMENT_TEAM = KZ6MLA9K63;
				INFOPLIST_FILE = BikeStationsUITests/Info.plist;
				LD_RUNPATH_SEARCH_PATHS = "$(inherited) @executable_path/Frameworks @loader_path/Frameworks";
				PRODUCT_BUNDLE_IDENTIFIER = com.saturnino.BikeStationsUITests;
				PRODUCT_NAME = "$(TARGET_NAME)";
				SWIFT_VERSION = 3.0;
				TEST_TARGET_NAME = BikeStations;
			};
			name = Debug;
		};
		BE15F91E1DCB8C5D00272E22 /* Release */ = {
			isa = XCBuildConfiguration;
			buildSettings = {
				ALWAYS_EMBED_SWIFT_STANDARD_LIBRARIES = YES;
				DEVELOPMENT_TEAM = KZ6MLA9K63;
				INFOPLIST_FILE = BikeStationsUITests/Info.plist;
				LD_RUNPATH_SEARCH_PATHS = "$(inherited) @executable_path/Frameworks @loader_path/Frameworks";
				PRODUCT_BUNDLE_IDENTIFIER = com.saturnino.BikeStationsUITests;
				PRODUCT_NAME = "$(TARGET_NAME)";
				SWIFT_VERSION = 3.0;
				TEST_TARGET_NAME = BikeStations;
			};
			name = Release;
		};
/* End XCBuildConfiguration section */

/* Begin XCConfigurationList section */
		BE15F8E61DCB8C5D00272E22 /* Build configuration list for PBXProject "BikeStations" */ = {
			isa = XCConfigurationList;
			buildConfigurations = (
				BE15F9141DCB8C5D00272E22 /* Debug */,
				BE15F9151DCB8C5D00272E22 /* Release */,
			);
			defaultConfigurationIsVisible = 0;
			defaultConfigurationName = Release;
		};
		BE15F9161DCB8C5D00272E22 /* Build configuration list for PBXNativeTarget "BikeStations" */ = {
			isa = XCConfigurationList;
			buildConfigurations = (
				BE15F9171DCB8C5D00272E22 /* Debug */,
				BE15F9181DCB8C5D00272E22 /* Release */,
			);
			defaultConfigurationIsVisible = 0;
			defaultConfigurationName = Release;
		};
		BE15F9191DCB8C5D00272E22 /* Build configuration list for PBXNativeTarget "BikeStationsTests" */ = {
			isa = XCConfigurationList;
			buildConfigurations = (
				BE15F91A1DCB8C5D00272E22 /* Debug */,
				BE15F91B1DCB8C5D00272E22 /* Release */,
			);
			defaultConfigurationIsVisible = 0;
			defaultConfigurationName = Release;
		};
		BE15F91C1DCB8C5D00272E22 /* Build configuration list for PBXNativeTarget "BikeStationsUITests" */ = {
			isa = XCConfigurationList;
			buildConfigurations = (
				BE15F91D1DCB8C5D00272E22 /* Debug */,
				BE15F91E1DCB8C5D00272E22 /* Release */,
			);
			defaultConfigurationIsVisible = 0;
			defaultConfigurationName = Release;
		};
/* End XCConfigurationList section */

/* Begin XCVersionGroup section */
		BE15F8F51DCB8C5D00272E22 /* BikeStations.xcdatamodeld */ = {
			isa = XCVersionGroup;
			children = (
				BE15F8F61DCB8C5D00272E22 /* BikeStations.xcdatamodel */,
			);
			currentVersion = BE15F8F61DCB8C5D00272E22 /* BikeStations.xcdatamodel */;
			path = BikeStations.xcdatamodeld;
			sourceTree = "<group>";
			versionGroupType = wrapper.xcdatamodel;
		};
/* End XCVersionGroup section */
	};
	rootObject = BE15F8E31DCB8C5D00272E22 /* Project object */;
}
